<?xml version="1.0" encoding="utf-8"?>
<Project ToolsVersion="4.0" xmlns="http://schemas.microsoft.com/developer/msbuild/2003">
  <ItemGroup>
    <Filter Include="Source Files">
      <UniqueIdentifier>{4FC737F1-C7A5-4376-A066-2A32D752A2FF}</UniqueIdentifier>
      <Extensions>cpp;c;cc;cxx;c++;cppm;ixx;def;odl;idl;hpj;bat;asm;asmx</Extensions>
    </Filter>
    <Filter Include="Header Files">
      <UniqueIdentifier>{93995380-89BD-4b04-88EB-625FBE52EBFB}</UniqueIdentifier>
      <Extensions>h;hh;hpp;hxx;h++;hm;inl;inc;ipp;xsd</Extensions>
    </Filter>
    <Filter Include="Resource Files">
      <UniqueIdentifier>{67DA6AB6-F800-4c08-8B7A-83BB121AAD01}</UniqueIdentifier>
      <Extensions>rc;ico;cur;bmp;dlg;rc2;rct;bin;rgs;gif;jpg;jpeg;jpe;resx;tiff;tif;png;wav;mfcribbon-ms</Extensions>
    </Filter>
  </ItemGroup>
  <ItemGroup>
    <ClCompile Include="Main.cpp">
      <Filter>Source Files</Filter>
    </ClCompile>
    <ClCompile Include="deps\src\GLAD\glad.c">
      <Filter>Source Files</Filter>
    </ClCompile>
    <ClCompile Include="src\core\Engine.cpp">
      <Filter>Source Files</Filter>
    </ClCompile>
    <ClCompile Include="src\core\window\WindowObject.cpp">
      <Filter>Source Files</Filter>
    </ClCompile>
    <ClCompile Include="src\core\World.cpp">
      <Filter>Source Files</Filter>
    </ClCompile>
    <ClCompile Include="src\components\Mesh.cpp">
      <Filter>Source Files</Filter>
    </ClCompile>
    <ClCompile Include="src\utils\Math.cpp">
      <Filter>Source Files</Filter>
    </ClCompile>
    <ClCompile Include="src\components\Shader.cpp">
      <Filter>Source Files</Filter>
    </ClCompile>
    <ClCompile Include="src\utils\Utils.cpp">
      <Filter>Source Files</Filter>
    </ClCompile>
    <ClCompile Include="src\utils\TGA.cpp">
      <Filter>Source Files</Filter>
    </ClCompile>
    <ClCompile Include="src\components\Texture.cpp">
      <Filter>Source Files</Filter>
    </ClCompile>
    <ClCompile Include="src\worlds\world2_assimp\World2.cpp">
      <Filter>Source Files</Filter>
    </ClCompile>
    <ClCompile Include="src\components\Model.cpp">
      <Filter>Source Files</Filter>
    </ClCompile>
    <ClCompile Include="src\core\ResourceManager.cpp">
      <Filter>Source Files</Filter>
    </ClCompile>
    <ClCompile Include="src\core\SceneManager.cpp">
      <Filter>Source Files</Filter>
    </ClCompile>
    <ClCompile Include="src\components\SceneObject.cpp">
      <Filter>Source Files</Filter>
    </ClCompile>
    <ClCompile Include="src\components\Camera.cpp">
      <Filter>Source Files</Filter>
    </ClCompile>
    <ClCompile Include="src\core\InputController.cpp">
      <Filter>Source Files</Filter>
    </ClCompile>
    <ClCompile Include="src\core\window\WindowCallbacks.cpp">
      <Filter>Source Files</Filter>
    </ClCompile>
    <ClCompile Include="src\components\CameraInput.cpp">
      <Filter>Source Files</Filter>
    </ClCompile>
    <ClCompile Include="src\core\ResourceXmlParser.cpp">
      <Filter>Source Files</Filter>
    </ClCompile>
    <ClCompile Include="src\core\SceneXmlParser.cpp">
      <Filter>Source Files</Filter>
    </ClCompile>
    <ClCompile Include="src\components\LightObject.cpp">
      <Filter>Source Files</Filter>
    </ClCompile>
    <ClCompile Include="src\physics\BoxObject.cpp">
      <Filter>Source Files</Filter>
    </ClCompile>
    <ClCompile Include="src\physics\PhysicsController.cpp">
      <Filter>Source Files</Filter>
    </ClCompile>
    <ClCompile Include="src\physics\SphereObject.cpp">
      <Filter>Source Files</Filter>
    </ClCompile>
    <ClCompile Include="src\worlds\world3_physics\World3.cpp">
      <Filter>Source Files</Filter>
    </ClCompile>
    <ClCompile Include="src\physics\ObbObject.cpp">
      <Filter>Source Files</Filter>
    </ClCompile>
    <ClCompile Include="src\core\AABB.cpp">
      <Filter>Source Files</Filter>
    </ClCompile>
    <ClCompile Include="src\core\Renderer.cpp">
      <Filter>Source Files</Filter>
    </ClCompile>
    <ClCompile Include="src\core\culling\Frustrum.cpp">
      <Filter>Source Files</Filter>
    </ClCompile>
    <ClCompile Include="src\core\culling\Octree.cpp">
      <Filter>Source Files</Filter>
    </ClCompile>
    <ClCompile Include="src\worlds\world4_octree\World4.cpp">
      <Filter>Source Files</Filter>
    </ClCompile>
    <ClCompile Include="src\core\SceneManagers\SceneManagerImplementationBase.h">
      <Filter>Source Files</Filter>
    </ClCompile>
    <ClCompile Include="src\core\SceneManagers\SceneManagerImplementationBase.cpp">
      <Filter>Source Files</Filter>
    </ClCompile>
    <ClCompile Include="src\worlds\world5_mmo\World5.cpp">
      <Filter>Source Files</Filter>
    </ClCompile>
    <ClCompile Include="src\server\Server.cpp">
      <Filter>Source Files</Filter>
    </ClCompile>
    <ClCompile Include="src\server\Client.cpp">
      <Filter>Source Files</Filter>
    </ClCompile>
    <ClCompile Include="src\server\shared\NetworkMessages.cpp">
      <Filter>Source Files</Filter>
    </ClCompile>
    <ClCompile Include="src\server\Player.cpp">
      <Filter>Source Files</Filter>
    </ClCompile>
    <ClCompile Include="src\server\Scheduler.cpp">
      <Filter>Source Files</Filter>
    </ClCompile>
    <ClCompile Include="src\server\workers\CpuWorker.cpp">
      <Filter>Source Files</Filter>
    </ClCompile>
    <ClCompile Include="src\server\workers\BaseWorker.cpp">
      <Filter>Source Files</Filter>
    </ClCompile>
    <ClCompile Include="src\server\workers\GpuWorker.cpp">
      <Filter>Source Files</Filter>
    </ClCompile>
  </ItemGroup>
  <ItemGroup>
    <ClInclude Include="deps\include\glad\glad.h">
      <Filter>Header Files</Filter>
    </ClInclude>
    <ClInclude Include="deps\include\GLFW\glfw3.h">
      <Filter>Header Files</Filter>
    </ClInclude>
    <ClInclude Include="deps\include\GLFW\glfw3native.h">
      <Filter>Header Files</Filter>
    </ClInclude>
    <ClInclude Include="deps\include\KHR\khrplatform.h">
      <Filter>Header Files</Filter>
    </ClInclude>
    <ClInclude Include="src\core\Engine.h">
      <Filter>Header Files</Filter>
    </ClInclude>
    <ClInclude Include="src\core\window\WindowObject.h">
      <Filter>Header Files</Filter>
    </ClInclude>
    <ClInclude Include="src\core\World.h">
      <Filter>Header Files</Filter>
    </ClInclude>
    <ClInclude Include="src\components\Mesh.h">
      <Filter>Header Files</Filter>
    </ClInclude>
    <ClInclude Include="src\components\Vertex.h">
      <Filter>Header Files</Filter>
    </ClInclude>
    <ClInclude Include="src\core\Defines.h">
      <Filter>Header Files</Filter>
    </ClInclude>
    <ClInclude Include="src\utils\Math.h">
      <Filter>Header Files</Filter>
    </ClInclude>
    <ClInclude Include="src\components\Shader.h">
      <Filter>Header Files</Filter>
    </ClInclude>
    <ClInclude Include="src\utils\Utils.h">
      <Filter>Header Files</Filter>
    </ClInclude>
    <ClInclude Include="src\utils\TGA.h">
      <Filter>Header Files</Filter>
    </ClInclude>
    <ClInclude Include="src\components\Texture.h">
      <Filter>Header Files</Filter>
    </ClInclude>
    <ClInclude Include="src\worlds\world2_assimp\World2.h">
      <Filter>Header Files</Filter>
    </ClInclude>
    <ClInclude Include="src\components\Model.h">
      <Filter>Header Files</Filter>
    </ClInclude>
    <ClInclude Include="src\core\ResourceManager.h">
      <Filter>Header Files</Filter>
    </ClInclude>
    <ClInclude Include="src\core\SceneManager.h">
      <Filter>Header Files</Filter>
    </ClInclude>
    <ClInclude Include="src\components\SceneObject.h">
      <Filter>Header Files</Filter>
    </ClInclude>
    <ClInclude Include="src\components\Camera.h">
      <Filter>Header Files</Filter>
    </ClInclude>
    <ClInclude Include="src\core\InputController.h">
      <Filter>Header Files</Filter>
    </ClInclude>
    <ClInclude Include="src\core\window\WindowCallbacks.h">
      <Filter>Header Files</Filter>
    </ClInclude>
    <ClInclude Include="src\components\CameraInput.h">
      <Filter>Header Files</Filter>
    </ClInclude>
    <ClInclude Include="src\components\Material.h">
      <Filter>Header Files</Filter>
    </ClInclude>
    <ClInclude Include="src\core\ResourceXmlParser.h">
      <Filter>Header Files</Filter>
    </ClInclude>
    <ClInclude Include="src\core\SceneXmlParser.h">
      <Filter>Header Files</Filter>
    </ClInclude>
    <ClInclude Include="src\core\MemoryDebug.h">
      <Filter>Header Files</Filter>
    </ClInclude>
    <ClInclude Include="src\components\LightObject.h">
      <Filter>Header Files</Filter>
    </ClInclude>
    <ClInclude Include="src\physics\BoxObject.h">
      <Filter>Header Files</Filter>
    </ClInclude>
    <ClInclude Include="src\physics\PhysicsController.h">
      <Filter>Header Files</Filter>
    </ClInclude>
    <ClInclude Include="src\physics\SphereObject.h">
      <Filter>Header Files</Filter>
    </ClInclude>
    <ClInclude Include="src\worlds\world3_physics\World3.h">
      <Filter>Header Files</Filter>
    </ClInclude>
    <ClInclude Include="src\physics\ObbObject.h">
      <Filter>Header Files</Filter>
    </ClInclude>
    <ClInclude Include="src\core\AABB.h">
      <Filter>Header Files</Filter>
    </ClInclude>
    <ClInclude Include="src\core\Renderer.h">
      <Filter>Header Files</Filter>
    </ClInclude>
    <ClInclude Include="src\test.h">
      <Filter>Header Files</Filter>
    </ClInclude>
    <ClInclude Include="src\core\culling\Frustrum.h">
      <Filter>Header Files</Filter>
    </ClInclude>
    <ClInclude Include="src\core\culling\Octree.h">
      <Filter>Header Files</Filter>
    </ClInclude>
    <ClInclude Include="src\worlds\world4_octree\World4.h">
      <Filter>Header Files</Filter>
    </ClInclude>
    <ClInclude Include="src\core\SceneManagers\iSceneMangerImplementation.h">
      <Filter>Header Files</Filter>
    </ClInclude>
    <ClInclude Include="src\core\SceneManagers\SceneManagerSoA.h">
      <Filter>Header Files</Filter>
    </ClInclude>
    <ClInclude Include="src\components\SceneObjects\iSceneObject.h">
      <Filter>Header Files</Filter>
    </ClInclude>
    <ClInclude Include="src\physics\PhysicsGpu.h">
      <Filter>Header Files</Filter>
    </ClInclude>
    <ClInclude Include="src\worlds\world5_mmo\World5.h">
      <Filter>Header Files</Filter>
    </ClInclude>
    <ClInclude Include="src\server\Server.h">
      <Filter>Header Files</Filter>
    </ClInclude>
    <ClInclude Include="deps\include\magic_enum\magic_enum.hpp">
      <Filter>Header Files</Filter>
    </ClInclude>
    <ClInclude Include="deps\include\magic_enum\magic_enum_all.hpp">
      <Filter>Header Files</Filter>
    </ClInclude>
    <ClInclude Include="deps\include\magic_enum\magic_enum_containers.hpp">
      <Filter>Header Files</Filter>
    </ClInclude>
    <ClInclude Include="deps\include\magic_enum\magic_enum_flags.hpp">
      <Filter>Header Files</Filter>
    </ClInclude>
    <ClInclude Include="deps\include\magic_enum\magic_enum_format.hpp">
      <Filter>Header Files</Filter>
    </ClInclude>
    <ClInclude Include="deps\include\magic_enum\magic_enum_fuse.hpp">
      <Filter>Header Files</Filter>
    </ClInclude>
    <ClInclude Include="deps\include\magic_enum\magic_enum_iostream.hpp">
      <Filter>Header Files</Filter>
    </ClInclude>
    <ClInclude Include="deps\include\magic_enum\magic_enum_switch.hpp">
      <Filter>Header Files</Filter>
    </ClInclude>
    <ClInclude Include="deps\include\magic_enum\magic_enum_utility.hpp">
      <Filter>Header Files</Filter>
    </ClInclude>
    <ClInclude Include="deps\include\nlohmanJson\json.hpp">
      <Filter>Header Files</Filter>
    </ClInclude>
    <ClInclude Include="deps\include\nlohmanJson\json_fwd.hpp">
      <Filter>Header Files</Filter>
    </ClInclude>
    <ClInclude Include="src\server\Client.h">
      <Filter>Header Files</Filter>
    </ClInclude>
    <ClInclude Include="src\server\shared\NetworkMessages.h">
      <Filter>Header Files</Filter>
    </ClInclude>
    <ClInclude Include="src\server\DatabaseManager.h">
      <Filter>Header Files</Filter>
    </ClInclude>
    <ClInclude Include="src\server\Player.h">
      <Filter>Header Files</Filter>
    </ClInclude>
    <ClInclude Include="src\server\Scheduler.h">
      <Filter>Header Files</Filter>
    </ClInclude>
    <ClInclude Include="src\server\workers\BaseWorker.h">
      <Filter>Header Files</Filter>
    </ClInclude>
    <ClInclude Include="src\server\workers\CpuWorker.h">
      <Filter>Header Files</Filter>
    </ClInclude>
    <ClInclude Include="src\server\workers\GpuWorker.h">
      <Filter>Header Files</Filter>
    </ClInclude>
    <ClInclude Include="src\server\workers\GpuCollisions.h">
      <Filter>Header Files</Filter>
    </ClInclude>
  </ItemGroup>
  <ItemGroup>
    <Library Include="deps\libs\GLFW\glfw3.lib" />
  </ItemGroup>
  <ItemGroup>
    <None Include="resources\shaders\BasicFS.frag" />
    <None Include="resources\shaders\BasicVS.vert" />
    <None Include="resources\shaders\LightDebugFS.frag" />
    <None Include="resources\shaders\LightDebugVS.vert" />
    <None Include="resources\shaders\LightedObjectFS.glsl" />
    <None Include="resources\shaders\LightedObjectVS.glsl" />
    <None Include="resources\shaders\ColorVS.glsl" />
    <None Include="resources\shaders\ColorFS.glsl" />
  </ItemGroup>
  <ItemGroup>
    <Xml Include="resources\xmls\resourceManager.xml" />
    <Xml Include="resources\xmls\sceneManager.xml" />
    <Xml Include="resources\xmls\world2\resourceManager.xml" />
    <Xml Include="resources\xmls\world2\sceneManager.xml" />
    <Xml Include="resources\xmls\world3\resourceManager.xml" />
    <Xml Include="resources\xmls\world3\sceneManager.xml" />
    <Xml Include="resources\xmls\world4\resourceManager.xml" />
    <Xml Include="resources\xmls\world4\sceneManager.xml" />
    <Xml Include="resources\xmls\world5\resourceManager.xml" />
    <Xml Include="resources\xmls\world5\sceneManager.xml" />
  </ItemGroup>
  <ItemGroup>
    <CopyFileToFolders Include="deps\libs\assimp-vc143-mtd.dll" />
    <CopyFileToFolders Include="deps\libs\pqxx.dll" />
    <CopyFileToFolders Include="deps\libs\libpq.dll" />
    <CopyFileToFolders Include="deps\libs\libssl-3-x64.dll" />
    <CopyFileToFolders Include="deps\libs\libcrypto-3-x64.dll" />
    <CopyFileToFolders Include="deps\libs\libcrypto-3-x64.pdb" />
    <CopyFileToFolders Include="deps\libs\libpq.pdb" />
    <CopyFileToFolders Include="deps\libs\libssl-3-x64.pdb" />
    <CopyFileToFolders Include="deps\libs\pqxx.pdb" />
  </ItemGroup>
  <ItemGroup>
    <CudaCompile Include="src\test.cu" />
    <CudaCompile Include="src\physics\PhysicsGpu.cu" />
    <CudaCompile Include="src\server\workers\GpuCollisions.cu" />
  </ItemGroup>
</Project>